// !$*UTF8*$!
{
	archiveVersion = 1;
	classes = {
	};
	objectVersion = 46;
	objects = {

/* Begin PBXBuildFile section */
		DDBA7D4F1B4ED434001E0D15 /* main.m in Sources */ = {isa = PBXBuildFile; fileRef = DDBA7D4E1B4ED434001E0D15 /* main.m */; };
		DDBA7D521B4ED434001E0D15 /* AppDelegate.m in Sources */ = {isa = PBXBuildFile; fileRef = DDBA7D511B4ED434001E0D15 /* AppDelegate.m */; };
		DDBA7D551B4ED434001E0D15 /* ViewController.m in Sources */ = {isa = PBXBuildFile; fileRef = DDBA7D541B4ED434001E0D15 /* ViewController.m */; };
		DDBA7D5A1B4ED434001E0D15 /* Images.xcassets in Resources */ = {isa = PBXBuildFile; fileRef = DDBA7D591B4ED434001E0D15 /* Images.xcassets */; };
		DDBA7D5D1B4ED434001E0D15 /* LaunchScreen.xib in Resources */ = {isa = PBXBuildFile; fileRef = DDBA7D5B1B4ED434001E0D15 /* LaunchScreen.xib */; };
		DDBA7D881B4ED706001E0D15 /* CoreTelephony.framework in Frameworks */ = {isa = PBXBuildFile; fileRef = DDBA7D871B4ED706001E0D15 /* CoreTelephony.framework */; };
		DDBA7D8A1B4ED70B001E0D15 /* GLKit.framework in Frameworks */ = {isa = PBXBuildFile; fileRef = DDBA7D891B4ED70B001E0D15 /* GLKit.framework */; };
		DDBA7D8C1B4ED711001E0D15 /* ImageIO.framework in Frameworks */ = {isa = PBXBuildFile; fileRef = DDBA7D8B1B4ED711001E0D15 /* ImageIO.framework */; };
		DDBA7D8E1B4ED716001E0D15 /* MobileCoreServices.framework in Frameworks */ = {isa = PBXBuildFile; fileRef = DDBA7D8D1B4ED716001E0D15 /* MobileCoreServices.framework */; };
		DDBA7D901B4ED71B001E0D15 /* QuartzCore.framework in Frameworks */ = {isa = PBXBuildFile; fileRef = DDBA7D8F1B4ED71B001E0D15 /* QuartzCore.framework */; };
		DDBA7D921B4ED721001E0D15 /* SystemConfiguration.framework in Frameworks */ = {isa = PBXBuildFile; fileRef = DDBA7D911B4ED721001E0D15 /* SystemConfiguration.framework */; };
		DDBA7D941B4ED728001E0D15 /* libc++.dylib in Frameworks */ = {isa = PBXBuildFile; fileRef = DDBA7D931B4ED728001E0D15 /* libc++.dylib */; };
		DDBA7D961B4ED72F001E0D15 /* libsqlite3.dylib in Frameworks */ = {isa = PBXBuildFile; fileRef = DDBA7D951B4ED72F001E0D15 /* libsqlite3.dylib */; };
		DDBA7D981B4ED734001E0D15 /* libz.dylib in Frameworks */ = {isa = PBXBuildFile; fileRef = DDBA7D971B4ED734001E0D15 /* libz.dylib */; };
		DDBA7DAC1B4ED787001E0D15 /* libMapboxGL.a in Frameworks */ = {isa = PBXBuildFile; fileRef = DDBA7DAA1B4ED787001E0D15 /* libMapboxGL.a */; };
		DDBA7DAD1B4ED787001E0D15 /* MapboxGL.bundle in Resources */ = {isa = PBXBuildFile; fileRef = DDBA7DAB1B4ED787001E0D15 /* MapboxGL.bundle */; };
/* End PBXBuildFile section */

/* Begin PBXFileReference section */
		DDBA7D491B4ED434001E0D15 /* LinkerTest.app */ = {isa = PBXFileReference; explicitFileType = wrapper.application; includeInIndex = 0; path = LinkerTest.app; sourceTree = BUILT_PRODUCTS_DIR; };
		DDBA7D4D1B4ED434001E0D15 /* Info.plist */ = {isa = PBXFileReference; lastKnownFileType = text.plist.xml; path = Info.plist; sourceTree = "<group>"; };
		DDBA7D4E1B4ED434001E0D15 /* main.m */ = {isa = PBXFileReference; lastKnownFileType = sourcecode.c.objc; path = main.m; sourceTree = "<group>"; };
		DDBA7D501B4ED434001E0D15 /* AppDelegate.h */ = {isa = PBXFileReference; lastKnownFileType = sourcecode.c.h; path = AppDelegate.h; sourceTree = "<group>"; };
		DDBA7D511B4ED434001E0D15 /* AppDelegate.m */ = {isa = PBXFileReference; lastKnownFileType = sourcecode.c.objc; path = AppDelegate.m; sourceTree = "<group>"; };
		DDBA7D531B4ED434001E0D15 /* ViewController.h */ = {isa = PBXFileReference; lastKnownFileType = sourcecode.c.h; path = ViewController.h; sourceTree = "<group>"; };
		DDBA7D541B4ED434001E0D15 /* ViewController.m */ = {isa = PBXFileReference; lastKnownFileType = sourcecode.c.objc; path = ViewController.m; sourceTree = "<group>"; };
		DDBA7D591B4ED434001E0D15 /* Images.xcassets */ = {isa = PBXFileReference; lastKnownFileType = folder.assetcatalog; path = Images.xcassets; sourceTree = "<group>"; };
		DDBA7D5C1B4ED434001E0D15 /* Base */ = {isa = PBXFileReference; lastKnownFileType = file.xib; name = Base; path = Base.lproj/LaunchScreen.xib; sourceTree = "<group>"; };
		DDBA7D871B4ED706001E0D15 /* CoreTelephony.framework */ = {isa = PBXFileReference; lastKnownFileType = wrapper.framework; name = CoreTelephony.framework; path = System/Library/Frameworks/CoreTelephony.framework; sourceTree = SDKROOT; };
		DDBA7D891B4ED70B001E0D15 /* GLKit.framework */ = {isa = PBXFileReference; lastKnownFileType = wrapper.framework; name = GLKit.framework; path = System/Library/Frameworks/GLKit.framework; sourceTree = SDKROOT; };
		DDBA7D8B1B4ED711001E0D15 /* ImageIO.framework */ = {isa = PBXFileReference; lastKnownFileType = wrapper.framework; name = ImageIO.framework; path = System/Library/Frameworks/ImageIO.framework; sourceTree = SDKROOT; };
		DDBA7D8D1B4ED716001E0D15 /* MobileCoreServices.framework */ = {isa = PBXFileReference; lastKnownFileType = wrapper.framework; name = MobileCoreServices.framework; path = System/Library/Frameworks/MobileCoreServices.framework; sourceTree = SDKROOT; };
		DDBA7D8F1B4ED71B001E0D15 /* QuartzCore.framework */ = {isa = PBXFileReference; lastKnownFileType = wrapper.framework; name = QuartzCore.framework; path = System/Library/Frameworks/QuartzCore.framework; sourceTree = SDKROOT; };
		DDBA7D911B4ED721001E0D15 /* SystemConfiguration.framework */ = {isa = PBXFileReference; lastKnownFileType = wrapper.framework; name = SystemConfiguration.framework; path = System/Library/Frameworks/SystemConfiguration.framework; sourceTree = SDKROOT; };
		DDBA7D931B4ED728001E0D15 /* libc++.dylib */ = {isa = PBXFileReference; lastKnownFileType = "compiled.mach-o.dylib"; name = "libc++.dylib"; path = "usr/lib/libc++.dylib"; sourceTree = SDKROOT; };
		DDBA7D951B4ED72F001E0D15 /* libsqlite3.dylib */ = {isa = PBXFileReference; lastKnownFileType = "compiled.mach-o.dylib"; name = libsqlite3.dylib; path = usr/lib/libsqlite3.dylib; sourceTree = SDKROOT; };
		DDBA7D971B4ED734001E0D15 /* libz.dylib */ = {isa = PBXFileReference; lastKnownFileType = "compiled.mach-o.dylib"; name = libz.dylib; path = usr/lib/libz.dylib; sourceTree = SDKROOT; };
		DDBA7D9B1B4ED787001E0D15 /* MapboxGL.h */ = {isa = PBXFileReference; fileEncoding = 4; lastKnownFileType = sourcecode.c.h; path = MapboxGL.h; sourceTree = "<group>"; };
		DDBA7D9C1B4ED787001E0D15 /* MGLAccountManager.h */ = {isa = PBXFileReference; fileEncoding = 4; lastKnownFileType = sourcecode.c.h; path = MGLAccountManager.h; sourceTree = "<group>"; };
		DDBA7D9D1B4ED787001E0D15 /* MGLAnnotation.h */ = {isa = PBXFileReference; fileEncoding = 4; lastKnownFileType = sourcecode.c.h; path = MGLAnnotation.h; sourceTree = "<group>"; };
		DDBA7D9E1B4ED787001E0D15 /* MGLAnnotationImage.h */ = {isa = PBXFileReference; fileEncoding = 4; lastKnownFileType = sourcecode.c.h; path = MGLAnnotationImage.h; sourceTree = "<group>"; };
		DDBA7D9F1B4ED787001E0D15 /* MGLGeometry.h */ = {isa = PBXFileReference; fileEncoding = 4; lastKnownFileType = sourcecode.c.h; path = MGLGeometry.h; sourceTree = "<group>"; };
		DDBA7DA01B4ED787001E0D15 /* MGLMapView+IBAdditions.h */ = {isa = PBXFileReference; fileEncoding = 4; lastKnownFileType = sourcecode.c.h; path = "MGLMapView+IBAdditions.h"; sourceTree = "<group>"; };
		DDBA7DA11B4ED787001E0D15 /* MGLMapView.h */ = {isa = PBXFileReference; fileEncoding = 4; lastKnownFileType = sourcecode.c.h; path = MGLMapView.h; sourceTree = "<group>"; };
		DDBA7DA21B4ED787001E0D15 /* MGLMultiPoint.h */ = {isa = PBXFileReference; fileEncoding = 4; lastKnownFileType = sourcecode.c.h; path = MGLMultiPoint.h; sourceTree = "<group>"; };
		DDBA7DA31B4ED787001E0D15 /* MGLOverlay.h */ = {isa = PBXFileReference; fileEncoding = 4; lastKnownFileType = sourcecode.c.h; path = MGLOverlay.h; sourceTree = "<group>"; };
		DDBA7DA41B4ED787001E0D15 /* MGLPointAnnotation.h */ = {isa = PBXFileReference; fileEncoding = 4; lastKnownFileType = sourcecode.c.h; path = MGLPointAnnotation.h; sourceTree = "<group>"; };
		DDBA7DA51B4ED787001E0D15 /* MGLPolygon.h */ = {isa = PBXFileReference; fileEncoding = 4; lastKnownFileType = sourcecode.c.h; path = MGLPolygon.h; sourceTree = "<group>"; };
		DDBA7DA61B4ED787001E0D15 /* MGLPolyline.h */ = {isa = PBXFileReference; fileEncoding = 4; lastKnownFileType = sourcecode.c.h; path = MGLPolyline.h; sourceTree = "<group>"; };
		DDBA7DA71B4ED787001E0D15 /* MGLShape.h */ = {isa = PBXFileReference; fileEncoding = 4; lastKnownFileType = sourcecode.c.h; path = MGLShape.h; sourceTree = "<group>"; };
		DDBA7DA81B4ED787001E0D15 /* MGLTypes.h */ = {isa = PBXFileReference; fileEncoding = 4; lastKnownFileType = sourcecode.c.h; path = MGLTypes.h; sourceTree = "<group>"; };
		DDBA7DA91B4ED787001E0D15 /* MGLUserLocation.h */ = {isa = PBXFileReference; fileEncoding = 4; lastKnownFileType = sourcecode.c.h; path = MGLUserLocation.h; sourceTree = "<group>"; };
		DDBA7DAA1B4ED787001E0D15 /* libMapboxGL.a */ = {isa = PBXFileReference; lastKnownFileType = archive.ar; name = libMapboxGL.a; path = MapboxGL/libMapboxGL.a; sourceTree = SOURCE_ROOT; };
		DDBA7DAB1B4ED787001E0D15 /* MapboxGL.bundle */ = {isa = PBXFileReference; lastKnownFileType = "wrapper.plug-in"; name = MapboxGL.bundle; path = MapboxGL/MapboxGL.bundle; sourceTree = SOURCE_ROOT; };
/* End PBXFileReference section */

/* Begin PBXFrameworksBuildPhase section */
		DDBA7D461B4ED434001E0D15 /* Frameworks */ = {
			isa = PBXFrameworksBuildPhase;
			buildActionMask = 2147483647;
			files = (
				DDBA7D981B4ED734001E0D15 /* libz.dylib in Frameworks */,
				DDBA7DAC1B4ED787001E0D15 /* libMapboxGL.a in Frameworks */,
				DDBA7D961B4ED72F001E0D15 /* libsqlite3.dylib in Frameworks */,
				DDBA7D941B4ED728001E0D15 /* libc++.dylib in Frameworks */,
				DDBA7D921B4ED721001E0D15 /* SystemConfiguration.framework in Frameworks */,
				DDBA7D901B4ED71B001E0D15 /* QuartzCore.framework in Frameworks */,
				DDBA7D8E1B4ED716001E0D15 /* MobileCoreServices.framework in Frameworks */,
				DDBA7D8C1B4ED711001E0D15 /* ImageIO.framework in Frameworks */,
				DDBA7D8A1B4ED70B001E0D15 /* GLKit.framework in Frameworks */,
				DDBA7D881B4ED706001E0D15 /* CoreTelephony.framework in Frameworks */,
			);
			runOnlyForDeploymentPostprocessing = 0;
		};
/* End PBXFrameworksBuildPhase section */

/* Begin PBXGroup section */
		DDBA7D401B4ED434001E0D15 = {
			isa = PBXGroup;
			children = (
				DDBA7D4B1B4ED434001E0D15 /* LinkerTest */,
				DDBA7D721B4ED6AA001E0D15 /* Mapbox GL */,
				DDBA7D991B4ED739001E0D15 /* Frameworks */,
				DDBA7D4A1B4ED434001E0D15 /* Products */,
			);
			sourceTree = "<group>";
		};
		DDBA7D4A1B4ED434001E0D15 /* Products */ = {
			isa = PBXGroup;
			children = (
				DDBA7D491B4ED434001E0D15 /* LinkerTest.app */,
			);
			name = Products;
			sourceTree = "<group>";
		};
		DDBA7D4B1B4ED434001E0D15 /* LinkerTest */ = {
			isa = PBXGroup;
			children = (
				DDBA7D501B4ED434001E0D15 /* AppDelegate.h */,
				DDBA7D511B4ED434001E0D15 /* AppDelegate.m */,
				DDBA7D531B4ED434001E0D15 /* ViewController.h */,
				DDBA7D541B4ED434001E0D15 /* ViewController.m */,
				DDBA7D591B4ED434001E0D15 /* Images.xcassets */,
				DDBA7D5B1B4ED434001E0D15 /* LaunchScreen.xib */,
				DDBA7D4C1B4ED434001E0D15 /* Supporting Files */,
			);
			path = LinkerTest;
			sourceTree = "<group>";
		};
		DDBA7D4C1B4ED434001E0D15 /* Supporting Files */ = {
			isa = PBXGroup;
			children = (
				DDBA7D4D1B4ED434001E0D15 /* Info.plist */,
				DDBA7D4E1B4ED434001E0D15 /* main.m */,
			);
			name = "Supporting Files";
			sourceTree = "<group>";
		};
		DDBA7D721B4ED6AA001E0D15 /* Mapbox GL */ = {
			isa = PBXGroup;
			children = (
				DDBA7D9A1B4ED787001E0D15 /* Headers */,
				DDBA7DAA1B4ED787001E0D15 /* libMapboxGL.a */,
				DDBA7DAB1B4ED787001E0D15 /* MapboxGL.bundle */,
			);
			name = "Mapbox GL";
			path = LinkerTest;
			sourceTree = "<group>";
		};
		DDBA7D991B4ED739001E0D15 /* Frameworks */ = {
			isa = PBXGroup;
			children = (
				DDBA7D971B4ED734001E0D15 /* libz.dylib */,
				DDBA7D951B4ED72F001E0D15 /* libsqlite3.dylib */,
				DDBA7D931B4ED728001E0D15 /* libc++.dylib */,
				DDBA7D911B4ED721001E0D15 /* SystemConfiguration.framework */,
				DDBA7D8F1B4ED71B001E0D15 /* QuartzCore.framework */,
				DDBA7D8D1B4ED716001E0D15 /* MobileCoreServices.framework */,
				DDBA7D8B1B4ED711001E0D15 /* ImageIO.framework */,
				DDBA7D891B4ED70B001E0D15 /* GLKit.framework */,
				DDBA7D871B4ED706001E0D15 /* CoreTelephony.framework */,
			);
			name = Frameworks;
			sourceTree = "<group>";
		};
		DDBA7D9A1B4ED787001E0D15 /* Headers */ = {
			isa = PBXGroup;
			children = (
				DDBA7D9B1B4ED787001E0D15 /* MapboxGL.h */,
				DDBA7D9C1B4ED787001E0D15 /* MGLAccountManager.h */,
				DDBA7D9D1B4ED787001E0D15 /* MGLAnnotation.h */,
				DDBA7D9E1B4ED787001E0D15 /* MGLAnnotationImage.h */,
				DDBA7D9F1B4ED787001E0D15 /* MGLGeometry.h */,
				DDBA7DA01B4ED787001E0D15 /* MGLMapView+IBAdditions.h */,
				DDBA7DA11B4ED787001E0D15 /* MGLMapView.h */,
				DDBA7DA21B4ED787001E0D15 /* MGLMultiPoint.h */,
				DDBA7DA31B4ED787001E0D15 /* MGLOverlay.h */,
				DDBA7DA41B4ED787001E0D15 /* MGLPointAnnotation.h */,
				DDBA7DA51B4ED787001E0D15 /* MGLPolygon.h */,
				DDBA7DA61B4ED787001E0D15 /* MGLPolyline.h */,
				DDBA7DA71B4ED787001E0D15 /* MGLShape.h */,
				DDBA7DA81B4ED787001E0D15 /* MGLTypes.h */,
				DDBA7DA91B4ED787001E0D15 /* MGLUserLocation.h */,
			);
			name = Headers;
			path = MapboxGL/Headers;
			sourceTree = SOURCE_ROOT;
		};
/* End PBXGroup section */

/* Begin PBXNativeTarget section */
		DDBA7D481B4ED434001E0D15 /* LinkerTest */ = {
			isa = PBXNativeTarget;
			buildConfigurationList = DDBA7D6C1B4ED434001E0D15 /* Build configuration list for PBXNativeTarget "LinkerTest" */;
			buildPhases = (
				DDBA7D451B4ED434001E0D15 /* Sources */,
				DDBA7D461B4ED434001E0D15 /* Frameworks */,
				DDBA7D471B4ED434001E0D15 /* Resources */,
			);
			buildRules = (
			);
			dependencies = (
			);
			name = LinkerTest;
			productName = LinkerTest;
			productReference = DDBA7D491B4ED434001E0D15 /* LinkerTest.app */;
			productType = "com.apple.product-type.application";
		};
/* End PBXNativeTarget section */

/* Begin PBXProject section */
		DDBA7D411B4ED434001E0D15 /* Project object */ = {
			isa = PBXProject;
			attributes = {
				LastUpgradeCheck = 0640;
				ORGANIZATIONNAME = Mapbox;
				TargetAttributes = {
					DDBA7D481B4ED434001E0D15 = {
						CreatedOnToolsVersion = 6.4;
					};
				};
			};
			buildConfigurationList = DDBA7D441B4ED434001E0D15 /* Build configuration list for PBXProject "LinkerTest" */;
			compatibilityVersion = "Xcode 3.2";
			developmentRegion = English;
			hasScannedForEncodings = 0;
			knownRegions = (
				en,
				Base,
			);
			mainGroup = DDBA7D401B4ED434001E0D15;
			productRefGroup = DDBA7D4A1B4ED434001E0D15 /* Products */;
			projectDirPath = "";
			projectRoot = "";
			targets = (
				DDBA7D481B4ED434001E0D15 /* LinkerTest */,
			);
		};
/* End PBXProject section */

/* Begin PBXResourcesBuildPhase section */
		DDBA7D471B4ED434001E0D15 /* Resources */ = {
			isa = PBXResourcesBuildPhase;
			buildActionMask = 2147483647;
			files = (
				DDBA7D5D1B4ED434001E0D15 /* LaunchScreen.xib in Resources */,
				DDBA7DAD1B4ED787001E0D15 /* MapboxGL.bundle in Resources */,
				DDBA7D5A1B4ED434001E0D15 /* Images.xcassets in Resources */,
			);
			runOnlyForDeploymentPostprocessing = 0;
		};
/* End PBXResourcesBuildPhase section */

/* Begin PBXSourcesBuildPhase section */
		DDBA7D451B4ED434001E0D15 /* Sources */ = {
			isa = PBXSourcesBuildPhase;
			buildActionMask = 2147483647;
			files = (
				DDBA7D551B4ED434001E0D15 /* ViewController.m in Sources */,
				DDBA7D521B4ED434001E0D15 /* AppDelegate.m in Sources */,
				DDBA7D4F1B4ED434001E0D15 /* main.m in Sources */,
			);
			runOnlyForDeploymentPostprocessing = 0;
		};
/* End PBXSourcesBuildPhase section */

/* Begin PBXVariantGroup section */
		DDBA7D5B1B4ED434001E0D15 /* LaunchScreen.xib */ = {
			isa = PBXVariantGroup;
			children = (
				DDBA7D5C1B4ED434001E0D15 /* Base */,
			);
			name = LaunchScreen.xib;
			sourceTree = "<group>";
		};
/* End PBXVariantGroup section */

/* Begin XCBuildConfiguration section */
		DDBA7D6A1B4ED434001E0D15 /* Debug */ = {
			isa = XCBuildConfiguration;
			buildSettings = {
				ALWAYS_SEARCH_USER_PATHS = NO;
				CLANG_CXX_LANGUAGE_STANDARD = "gnu++0x";
				CLANG_CXX_LIBRARY = "libc++";
				CLANG_ENABLE_MODULES = YES;
				CLANG_ENABLE_OBJC_ARC = YES;
				CLANG_WARN_BOOL_CONVERSION = YES;
				CLANG_WARN_CONSTANT_CONVERSION = YES;
				CLANG_WARN_DIRECT_OBJC_ISA_USAGE = YES_ERROR;
				CLANG_WARN_EMPTY_BODY = YES;
				CLANG_WARN_ENUM_CONVERSION = YES;
				CLANG_WARN_INT_CONVERSION = YES;
				CLANG_WARN_OBJC_ROOT_CLASS = YES_ERROR;
				CLANG_WARN_UNREACHABLE_CODE = YES;
				CLANG_WARN__DUPLICATE_METHOD_MATCH = YES;
				"CODE_SIGN_IDENTITY[sdk=iphoneos*]" = "iPhone Developer";
				COPY_PHASE_STRIP = NO;
				DEBUG_INFORMATION_FORMAT = "dwarf-with-dsym";
				ENABLE_STRICT_OBJC_MSGSEND = YES;
				GCC_C_LANGUAGE_STANDARD = gnu99;
				GCC_DYNAMIC_NO_PIC = NO;
				GCC_NO_COMMON_BLOCKS = YES;
				GCC_OPTIMIZATION_LEVEL = 0;
				GCC_PREPROCESSOR_DEFINITIONS = (
					"DEBUG=1",
					"$(inherited)",
				);
				GCC_SYMBOLS_PRIVATE_EXTERN = NO;
				GCC_WARN_64_TO_32_BIT_CONVERSION = YES;
				GCC_WARN_ABOUT_RETURN_TYPE = YES_ERROR;
				GCC_WARN_UNDECLARED_SELECTOR = YES;
				GCC_WARN_UNINITIALIZED_AUTOS = YES_AGGRESSIVE;
				GCC_WARN_UNUSED_FUNCTION = YES;
				GCC_WARN_UNUSED_VARIABLE = YES;
				IPHONEOS_DEPLOYMENT_TARGET = 8.4;
				MTL_ENABLE_DEBUG_INFO = YES;
				ONLY_ACTIVE_ARCH = YES;
				SDKROOT = iphoneos;
				TARGETED_DEVICE_FAMILY = "1,2";
			};
			name = Debug;
		};
		DDBA7D6B1B4ED434001E0D15 /* Release */ = {
			isa = XCBuildConfiguration;
			buildSettings = {
				ALWAYS_SEARCH_USER_PATHS = NO;
				CLANG_CXX_LANGUAGE_STANDARD = "gnu++0x";
				CLANG_CXX_LIBRARY = "libc++";
				CLANG_ENABLE_MODULES = YES;
				CLANG_ENABLE_OBJC_ARC = YES;
				CLANG_WARN_BOOL_CONVERSION = YES;
				CLANG_WARN_CONSTANT_CONVERSION = YES;
				CLANG_WARN_DIRECT_OBJC_ISA_USAGE = YES_ERROR;
				CLANG_WARN_EMPTY_BODY = YES;
				CLANG_WARN_ENUM_CONVERSION = YES;
				CLANG_WARN_INT_CONVERSION = YES;
				CLANG_WARN_OBJC_ROOT_CLASS = YES_ERROR;
				CLANG_WARN_UNREACHABLE_CODE = YES;
				CLANG_WARN__DUPLICATE_METHOD_MATCH = YES;
				"CODE_SIGN_IDENTITY[sdk=iphoneos*]" = "iPhone Developer";
				COPY_PHASE_STRIP = NO;
				DEBUG_INFORMATION_FORMAT = "dwarf-with-dsym";
				ENABLE_NS_ASSERTIONS = NO;
				ENABLE_STRICT_OBJC_MSGSEND = YES;
				GCC_C_LANGUAGE_STANDARD = gnu99;
				GCC_NO_COMMON_BLOCKS = YES;
				GCC_WARN_64_TO_32_BIT_CONVERSION = YES;
				GCC_WARN_ABOUT_RETURN_TYPE = YES_ERROR;
				GCC_WARN_UNDECLARED_SELECTOR = YES;
				GCC_WARN_UNINITIALIZED_AUTOS = YES_AGGRESSIVE;
				GCC_WARN_UNUSED_FUNCTION = YES;
				GCC_WARN_UNUSED_VARIABLE = YES;
				IPHONEOS_DEPLOYMENT_TARGET = 8.4;
				MTL_ENABLE_DEBUG_INFO = NO;
				SDKROOT = iphoneos;
				TARGETED_DEVICE_FAMILY = "1,2";
				VALIDATE_PRODUCT = YES;
			};
			name = Release;
		};
		DDBA7D6D1B4ED434001E0D15 /* Debug */ = {
			isa = XCBuildConfiguration;
			buildSettings = {
				ASSETCATALOG_COMPILER_APPICON_NAME = AppIcon;
				INFOPLIST_FILE = LinkerTest/Info.plist;
				LD_RUNPATH_SEARCH_PATHS = "$(inherited) @executable_path/Frameworks";
				LIBRARY_SEARCH_PATHS = (
					"$(inherited)",
					"$(PROJECT_DIR)/LinkerTest",
					"$(PROJECT_DIR)/MapboxGL",
				);
				OTHER_LDFLAGS = "-ObjC";
				PRODUCT_NAME = "$(TARGET_NAME)";
			};
			name = Debug;
		};
		DDBA7D6E1B4ED434001E0D15 /* Release */ = {
			isa = XCBuildConfiguration;
			buildSettings = {
				ASSETCATALOG_COMPILER_APPICON_NAME = AppIcon;
				INFOPLIST_FILE = LinkerTest/Info.plist;
				LD_RUNPATH_SEARCH_PATHS = "$(inherited) @executable_path/Frameworks";
				LIBRARY_SEARCH_PATHS = (
					"$(inherited)",
					"$(PROJECT_DIR)/LinkerTest",
					"$(PROJECT_DIR)/MapboxGL",
				);
				OTHER_LDFLAGS = "-ObjC";
				PRODUCT_NAME = "$(TARGET_NAME)";
			};
			name = Release;
		};
/* End XCBuildConfiguration section */

/* Begin XCConfigurationList section */
		DDBA7D441B4ED434001E0D15 /* Build configuration list for PBXProject "LinkerTest" */ = {
			isa = XCConfigurationList;
			buildConfigurations = (
				DDBA7D6A1B4ED434001E0D15 /* Debug */,
				DDBA7D6B1B4ED434001E0D15 /* Release */,
			);
			defaultConfigurationIsVisible = 0;
			defaultConfigurationName = Release;
		};
		DDBA7D6C1B4ED434001E0D15 /* Build configuration list for PBXNativeTarget "LinkerTest" */ = {
			isa = XCConfigurationList;
			buildConfigurations = (
				DDBA7D6D1B4ED434001E0D15 /* Debug */,
				DDBA7D6E1B4ED434001E0D15 /* Release */,
			);
			defaultConfigurationIsVisible = 0;
		};
/* End XCConfigurationList section */
	};
	rootObject = DDBA7D411B4ED434001E0D15 /* Project object */;
}
